// !$*UTF8*$!
{
	archiveVersion = 1;
	classes = {
	};
	objectVersion = 56;
	objects = {

/* Begin PBXBuildFile section */
		C00AD2D028FD1A2700DEC7B7 /* RestorePasswordView.swift in Sources */ = {isa = PBXBuildFile; fileRef = C00AD2CF28FD1A2700DEC7B7 /* RestorePasswordView.swift */; };
		C00DF2E428F0862C008C7D45 /* Capture.swift in Sources */ = {isa = PBXBuildFile; fileRef = C00DF2CD28F0862C008C7D45 /* Capture.swift */; };
		C00DF2E528F0862C008C7D45 /* Medic.swift in Sources */ = {isa = PBXBuildFile; fileRef = C00DF2CE28F0862C008C7D45 /* Medic.swift */; };
		C00DF2E628F0862C008C7D45 /* WeekReport.swift in Sources */ = {isa = PBXBuildFile; fileRef = C00DF2CF28F0862C008C7D45 /* WeekReport.swift */; };
		C00DF2E728F0862C008C7D45 /* Medition.swift in Sources */ = {isa = PBXBuildFile; fileRef = C00DF2D028F0862C008C7D45 /* Medition.swift */; };
		C00DF2E828F0862C008C7D45 /* Remind.swift in Sources */ = {isa = PBXBuildFile; fileRef = C00DF2D128F0862C008C7D45 /* Remind.swift */; };
		C00DF2E928F0862C008C7D45 /* Pacient.swift in Sources */ = {isa = PBXBuildFile; fileRef = C00DF2D228F0862C008C7D45 /* Pacient.swift */; };
		C00DF2EA28F0862C008C7D45 /* Medicament.swift in Sources */ = {isa = PBXBuildFile; fileRef = C00DF2D328F0862C008C7D45 /* Medicament.swift */; };
		C00DF2EC28F0862C008C7D45 /* FirebaseViewController.swift in Sources */ = {isa = PBXBuildFile; fileRef = C00DF2D628F0862C008C7D45 /* FirebaseViewController.swift */; };
		C00DF2ED28F0862C008C7D45 /* SettingsView.swift in Sources */ = {isa = PBXBuildFile; fileRef = C00DF2D928F0862C008C7D45 /* SettingsView.swift */; };
		C00DF2EE28F0862C008C7D45 /* FrecuentlyAskedQuestions.swift in Sources */ = {isa = PBXBuildFile; fileRef = C00DF2DA28F0862C008C7D45 /* FrecuentlyAskedQuestions.swift */; };
		C00DF2EF28F0862C008C7D45 /* GeneralDataView.swift in Sources */ = {isa = PBXBuildFile; fileRef = C00DF2DB28F0862C008C7D45 /* GeneralDataView.swift */; };
		C00DF2F028F0862C008C7D45 /* ReminderDetailsView.swift in Sources */ = {isa = PBXBuildFile; fileRef = C00DF2DD28F0862C008C7D45 /* ReminderDetailsView.swift */; };
		C00DF2F128F0862C008C7D45 /* ReminderView.swift in Sources */ = {isa = PBXBuildFile; fileRef = C00DF2DE28F0862C008C7D45 /* ReminderView.swift */; };
		C00DF2F428F0862C008C7D45 /* RemindersView.swift in Sources */ = {isa = PBXBuildFile; fileRef = C00DF2E228F0862C008C7D45 /* RemindersView.swift */; };
		C00DF2F528F0862C008C7D45 /* AppsView.swift in Sources */ = {isa = PBXBuildFile; fileRef = C00DF2E328F0862C008C7D45 /* AppsView.swift */; };
		C00DF2F728F086CD008C7D45 /* TimerView.swift in Sources */ = {isa = PBXBuildFile; fileRef = C00DF2F628F086CD008C7D45 /* TimerView.swift */; };
		C00DF30028F086D8008C7D45 /* MedicamentView.swift in Sources */ = {isa = PBXBuildFile; fileRef = C00DF2F828F086D8008C7D45 /* MedicamentView.swift */; };
		C00DF30128F086D8008C7D45 /* NavBarHome.swift in Sources */ = {isa = PBXBuildFile; fileRef = C00DF2F928F086D8008C7D45 /* NavBarHome.swift */; };
		C00DF30228F086D8008C7D45 /* MedicView.swift in Sources */ = {isa = PBXBuildFile; fileRef = C00DF2FA28F086D8008C7D45 /* MedicView.swift */; };
		C00DF30328F086D8008C7D45 /* AddMedicView.swift in Sources */ = {isa = PBXBuildFile; fileRef = C00DF2FB28F086D8008C7D45 /* AddMedicView.swift */; };
		C00DF30428F086D8008C7D45 /* AddMedicamentView.swift in Sources */ = {isa = PBXBuildFile; fileRef = C00DF2FC28F086D8008C7D45 /* AddMedicamentView.swift */; };
		C00DF30528F086D8008C7D45 /* ButtonNavbar.swift in Sources */ = {isa = PBXBuildFile; fileRef = C00DF2FD28F086D8008C7D45 /* ButtonNavbar.swift */; };
		C00DF30628F086D8008C7D45 /* MedicamentDetailsView.swift in Sources */ = {isa = PBXBuildFile; fileRef = C00DF2FE28F086D8008C7D45 /* MedicamentDetailsView.swift */; };
		C00DF30728F086D8008C7D45 /* NavbarLogin.swift in Sources */ = {isa = PBXBuildFile; fileRef = C00DF2FF28F086D8008C7D45 /* NavbarLogin.swift */; };
		C00DF30D28F08731008C7D45 /* CapturesView.swift in Sources */ = {isa = PBXBuildFile; fileRef = C00DF30828F08731008C7D45 /* CapturesView.swift */; };
		C00DF30E28F08731008C7D45 /* MedicamentsView.swift in Sources */ = {isa = PBXBuildFile; fileRef = C00DF30928F08731008C7D45 /* MedicamentsView.swift */; };
		C00DF30F28F08731008C7D45 /* HealthStateView.swift in Sources */ = {isa = PBXBuildFile; fileRef = C00DF30A28F08731008C7D45 /* HealthStateView.swift */; };
		C00DF31028F08731008C7D45 /* WeekReportView.swift in Sources */ = {isa = PBXBuildFile; fileRef = C00DF30B28F08731008C7D45 /* WeekReportView.swift */; };
		C00DF31128F08731008C7D45 /* LinkYourMedicView.swift in Sources */ = {isa = PBXBuildFile; fileRef = C00DF30C28F08731008C7D45 /* LinkYourMedicView.swift */; };
		C00DF31528F08776008C7D45 /* Home.swift in Sources */ = {isa = PBXBuildFile; fileRef = C00DF31228F08776008C7D45 /* Home.swift */; };
		C00DF31628F08776008C7D45 /* Login.swift in Sources */ = {isa = PBXBuildFile; fileRef = C00DF31328F08776008C7D45 /* Login.swift */; };
		C00DF31728F08776008C7D45 /* SignIn.swift in Sources */ = {isa = PBXBuildFile; fileRef = C00DF31428F08776008C7D45 /* SignIn.swift */; };
		C065D69C28E0D2A900AC046F /* Agenda_Arterial_Sin_ArterialApp.swift in Sources */ = {isa = PBXBuildFile; fileRef = C065D69B28E0D2A900AC046F /* Agenda_Arterial_Sin_ArterialApp.swift */; };
		C065D69E28E0D2A900AC046F /* ContentView.swift in Sources */ = {isa = PBXBuildFile; fileRef = C065D69D28E0D2A900AC046F /* ContentView.swift */; };
		C065D6A028E0D2A900AC046F /* Assets.xcassets in Resources */ = {isa = PBXBuildFile; fileRef = C065D69F28E0D2A900AC046F /* Assets.xcassets */; };
		C065D6A328E0D2A900AC046F /* Preview Assets.xcassets in Resources */ = {isa = PBXBuildFile; fileRef = C065D6A228E0D2A900AC046F /* Preview Assets.xcassets */; };
		C0720F9428FDDB35005AC493 /* GoogleService-Info.plist in Resources */ = {isa = PBXBuildFile; fileRef = C0720F9328FDDB35005AC493 /* GoogleService-Info.plist */; };
		C0AA140528FCD9F400E12677 /* KeyboardManagment.swift in Sources */ = {isa = PBXBuildFile; fileRef = C0AA140428FCD9F400E12677 /* KeyboardManagment.swift */; };
		C0B65E6128FCBCD700EAFB29 /* Politics.swift in Sources */ = {isa = PBXBuildFile; fileRef = C0B65E6028FCBCD700EAFB29 /* Politics.swift */; };
		C0EE1E1128FA0B5E0069C41A /* FirebaseAuth in Frameworks */ = {isa = PBXBuildFile; productRef = C0EE1E1028FA0B5E0069C41A /* FirebaseAuth */; };
		C0EE1E1328FA0B5E0069C41A /* FirebaseAuthCombine-Community in Frameworks */ = {isa = PBXBuildFile; productRef = C0EE1E1228FA0B5E0069C41A /* FirebaseAuthCombine-Community */; };
		C0EE1E1528FA0B5E0069C41A /* FirebaseFirestore in Frameworks */ = {isa = PBXBuildFile; productRef = C0EE1E1428FA0B5E0069C41A /* FirebaseFirestore */; };
		C0EE1E1728FA0B5E0069C41A /* FirebaseFirestoreCombine-Community in Frameworks */ = {isa = PBXBuildFile; productRef = C0EE1E1628FA0B5E0069C41A /* FirebaseFirestoreCombine-Community */; };
		C0EE1E1928FA0B5E0069C41A /* FirebaseFirestoreSwift in Frameworks */ = {isa = PBXBuildFile; productRef = C0EE1E1828FA0B5E0069C41A /* FirebaseFirestoreSwift */; };
		C0EE1E1B28FA0B5E0069C41A /* FirebaseStorage in Frameworks */ = {isa = PBXBuildFile; productRef = C0EE1E1A28FA0B5E0069C41A /* FirebaseStorage */; };
		C0EE1E1D28FA0B5E0069C41A /* FirebaseStorageCombine-Community in Frameworks */ = {isa = PBXBuildFile; productRef = C0EE1E1C28FA0B5E0069C41A /* FirebaseStorageCombine-Community */; };
		C0EE1E2128FA33720069C41A /* HealthReport.swift in Sources */ = {isa = PBXBuildFile; fileRef = C0EE1E1E28FA33720069C41A /* HealthReport.swift */; };
		C0EE1E2228FA33720069C41A /* User.swift in Sources */ = {isa = PBXBuildFile; fileRef = C0EE1E1F28FA33720069C41A /* User.swift */; };
		C0EE1E2328FA33720069C41A /* Appointment.swift in Sources */ = {isa = PBXBuildFile; fileRef = C0EE1E2028FA33720069C41A /* Appointment.swift */; };
		C0EE1E2528FA337F0069C41A /* ImageFirebaseViewController.swift in Sources */ = {isa = PBXBuildFile; fileRef = C0EE1E2428FA337F0069C41A /* ImageFirebaseViewController.swift */; };
		C0EE1E2928FA33E40069C41A /* ImageFirebase.swift in Sources */ = {isa = PBXBuildFile; fileRef = C0EE1E2628FA33E40069C41A /* ImageFirebase.swift */; };
		C0EE1E2A28FA33E40069C41A /* ImagePicker.swift in Sources */ = {isa = PBXBuildFile; fileRef = C0EE1E2728FA33E40069C41A /* ImagePicker.swift */; };
		C0EE1E2B28FA33E40069C41A /* AddAppointment.swift in Sources */ = {isa = PBXBuildFile; fileRef = C0EE1E2828FA33E40069C41A /* AddAppointment.swift */; };
		C20400A028F6070F00E29E08 /* NavBarMenu.swift in Sources */ = {isa = PBXBuildFile; fileRef = C204009F28F6070E00E29E08 /* NavBarMenu.swift */; };
		C20400A228F6113D00E29E08 /* CreditsView.swift in Sources */ = {isa = PBXBuildFile; fileRef = C20400A128F6113D00E29E08 /* CreditsView.swift */; };
/* End PBXBuildFile section */

/* Begin PBXFileReference section */
		C00AD2CF28FD1A2700DEC7B7 /* RestorePasswordView.swift */ = {isa = PBXFileReference; lastKnownFileType = sourcecode.swift; path = RestorePasswordView.swift; sourceTree = "<group>"; };
		C00DF2CD28F0862C008C7D45 /* Capture.swift */ = {isa = PBXFileReference; fileEncoding = 4; lastKnownFileType = sourcecode.swift; path = Capture.swift; sourceTree = "<group>"; };
		C00DF2CE28F0862C008C7D45 /* Medic.swift */ = {isa = PBXFileReference; fileEncoding = 4; lastKnownFileType = sourcecode.swift; path = Medic.swift; sourceTree = "<group>"; };
		C00DF2CF28F0862C008C7D45 /* WeekReport.swift */ = {isa = PBXFileReference; fileEncoding = 4; lastKnownFileType = sourcecode.swift; path = WeekReport.swift; sourceTree = "<group>"; };
		C00DF2D028F0862C008C7D45 /* Medition.swift */ = {isa = PBXFileReference; fileEncoding = 4; lastKnownFileType = sourcecode.swift; path = Medition.swift; sourceTree = "<group>"; };
		C00DF2D128F0862C008C7D45 /* Remind.swift */ = {isa = PBXFileReference; fileEncoding = 4; lastKnownFileType = sourcecode.swift; path = Remind.swift; sourceTree = "<group>"; };
		C00DF2D228F0862C008C7D45 /* Pacient.swift */ = {isa = PBXFileReference; fileEncoding = 4; lastKnownFileType = sourcecode.swift; path = Pacient.swift; sourceTree = "<group>"; };
		C00DF2D328F0862C008C7D45 /* Medicament.swift */ = {isa = PBXFileReference; fileEncoding = 4; lastKnownFileType = sourcecode.swift; path = Medicament.swift; sourceTree = "<group>"; };
		C00DF2D628F0862C008C7D45 /* FirebaseViewController.swift */ = {isa = PBXFileReference; fileEncoding = 4; lastKnownFileType = sourcecode.swift; path = FirebaseViewController.swift; sourceTree = "<group>"; };
		C00DF2D928F0862C008C7D45 /* SettingsView.swift */ = {isa = PBXFileReference; fileEncoding = 4; lastKnownFileType = sourcecode.swift; path = SettingsView.swift; sourceTree = "<group>"; };
		C00DF2DA28F0862C008C7D45 /* FrecuentlyAskedQuestions.swift */ = {isa = PBXFileReference; fileEncoding = 4; lastKnownFileType = sourcecode.swift; path = FrecuentlyAskedQuestions.swift; sourceTree = "<group>"; };
		C00DF2DB28F0862C008C7D45 /* GeneralDataView.swift */ = {isa = PBXFileReference; fileEncoding = 4; lastKnownFileType = sourcecode.swift; path = GeneralDataView.swift; sourceTree = "<group>"; };
		C00DF2DD28F0862C008C7D45 /* ReminderDetailsView.swift */ = {isa = PBXFileReference; fileEncoding = 4; lastKnownFileType = sourcecode.swift; path = ReminderDetailsView.swift; sourceTree = "<group>"; };
		C00DF2DE28F0862C008C7D45 /* ReminderView.swift */ = {isa = PBXFileReference; fileEncoding = 4; lastKnownFileType = sourcecode.swift; path = ReminderView.swift; sourceTree = "<group>"; };
		C00DF2E228F0862C008C7D45 /* RemindersView.swift */ = {isa = PBXFileReference; fileEncoding = 4; lastKnownFileType = sourcecode.swift; path = RemindersView.swift; sourceTree = "<group>"; };
		C00DF2E328F0862C008C7D45 /* AppsView.swift */ = {isa = PBXFileReference; fileEncoding = 4; lastKnownFileType = sourcecode.swift; path = AppsView.swift; sourceTree = "<group>"; };
		C00DF2F628F086CD008C7D45 /* TimerView.swift */ = {isa = PBXFileReference; fileEncoding = 4; lastKnownFileType = sourcecode.swift; path = TimerView.swift; sourceTree = "<group>"; };
		C00DF2F828F086D8008C7D45 /* MedicamentView.swift */ = {isa = PBXFileReference; fileEncoding = 4; lastKnownFileType = sourcecode.swift; path = MedicamentView.swift; sourceTree = "<group>"; };
		C00DF2F928F086D8008C7D45 /* NavBarHome.swift */ = {isa = PBXFileReference; fileEncoding = 4; lastKnownFileType = sourcecode.swift; path = NavBarHome.swift; sourceTree = "<group>"; };
		C00DF2FA28F086D8008C7D45 /* MedicView.swift */ = {isa = PBXFileReference; fileEncoding = 4; lastKnownFileType = sourcecode.swift; path = MedicView.swift; sourceTree = "<group>"; };
		C00DF2FB28F086D8008C7D45 /* AddMedicView.swift */ = {isa = PBXFileReference; fileEncoding = 4; lastKnownFileType = sourcecode.swift; path = AddMedicView.swift; sourceTree = "<group>"; };
		C00DF2FC28F086D8008C7D45 /* AddMedicamentView.swift */ = {isa = PBXFileReference; fileEncoding = 4; lastKnownFileType = sourcecode.swift; path = AddMedicamentView.swift; sourceTree = "<group>"; };
		C00DF2FD28F086D8008C7D45 /* ButtonNavbar.swift */ = {isa = PBXFileReference; fileEncoding = 4; lastKnownFileType = sourcecode.swift; path = ButtonNavbar.swift; sourceTree = "<group>"; };
		C00DF2FE28F086D8008C7D45 /* MedicamentDetailsView.swift */ = {isa = PBXFileReference; fileEncoding = 4; lastKnownFileType = sourcecode.swift; path = MedicamentDetailsView.swift; sourceTree = "<group>"; };
		C00DF2FF28F086D8008C7D45 /* NavbarLogin.swift */ = {isa = PBXFileReference; fileEncoding = 4; lastKnownFileType = sourcecode.swift; path = NavbarLogin.swift; sourceTree = "<group>"; };
		C00DF30828F08731008C7D45 /* CapturesView.swift */ = {isa = PBXFileReference; fileEncoding = 4; lastKnownFileType = sourcecode.swift; path = CapturesView.swift; sourceTree = "<group>"; };
		C00DF30928F08731008C7D45 /* MedicamentsView.swift */ = {isa = PBXFileReference; fileEncoding = 4; lastKnownFileType = sourcecode.swift; path = MedicamentsView.swift; sourceTree = "<group>"; };
		C00DF30A28F08731008C7D45 /* HealthStateView.swift */ = {isa = PBXFileReference; fileEncoding = 4; lastKnownFileType = sourcecode.swift; path = HealthStateView.swift; sourceTree = "<group>"; };
		C00DF30B28F08731008C7D45 /* WeekReportView.swift */ = {isa = PBXFileReference; fileEncoding = 4; lastKnownFileType = sourcecode.swift; path = WeekReportView.swift; sourceTree = "<group>"; };
		C00DF30C28F08731008C7D45 /* LinkYourMedicView.swift */ = {isa = PBXFileReference; fileEncoding = 4; lastKnownFileType = sourcecode.swift; path = LinkYourMedicView.swift; sourceTree = "<group>"; };
		C00DF31228F08776008C7D45 /* Home.swift */ = {isa = PBXFileReference; fileEncoding = 4; lastKnownFileType = sourcecode.swift; name = Home.swift; path = "Agenda Arterial Sin Arterial/Home.swift"; sourceTree = SOURCE_ROOT; };
		C00DF31328F08776008C7D45 /* Login.swift */ = {isa = PBXFileReference; fileEncoding = 4; lastKnownFileType = sourcecode.swift; name = Login.swift; path = "Agenda Arterial Sin Arterial/Login.swift"; sourceTree = SOURCE_ROOT; };
		C00DF31428F08776008C7D45 /* SignIn.swift */ = {isa = PBXFileReference; fileEncoding = 4; lastKnownFileType = sourcecode.swift; name = SignIn.swift; path = "Agenda Arterial Sin Arterial/SignIn.swift"; sourceTree = SOURCE_ROOT; };
		C065D69828E0D2A900AC046F /* Agenda Arterial Sin Arterial.app */ = {isa = PBXFileReference; explicitFileType = wrapper.application; includeInIndex = 0; path = "Agenda Arterial Sin Arterial.app"; sourceTree = BUILT_PRODUCTS_DIR; };
		C065D69B28E0D2A900AC046F /* Agenda_Arterial_Sin_ArterialApp.swift */ = {isa = PBXFileReference; lastKnownFileType = sourcecode.swift; path = Agenda_Arterial_Sin_ArterialApp.swift; sourceTree = "<group>"; };
		C065D69D28E0D2A900AC046F /* ContentView.swift */ = {isa = PBXFileReference; lastKnownFileType = sourcecode.swift; path = ContentView.swift; sourceTree = "<group>"; };
		C065D69F28E0D2A900AC046F /* Assets.xcassets */ = {isa = PBXFileReference; lastKnownFileType = folder.assetcatalog; path = Assets.xcassets; sourceTree = "<group>"; };
		C065D6A228E0D2A900AC046F /* Preview Assets.xcassets */ = {isa = PBXFileReference; lastKnownFileType = folder.assetcatalog; path = "Preview Assets.xcassets"; sourceTree = "<group>"; };
		C0720F9328FDDB35005AC493 /* GoogleService-Info.plist */ = {isa = PBXFileReference; fileEncoding = 4; lastKnownFileType = text.plist.xml; path = "GoogleService-Info.plist"; sourceTree = "<group>"; };
		C096B6E928FA4E920018AA9A /* Agenda-Arterial-Sin-Arterial-Info.plist */ = {isa = PBXFileReference; lastKnownFileType = text.plist; path = "Agenda-Arterial-Sin-Arterial-Info.plist"; sourceTree = SOURCE_ROOT; };
		C0AA140428FCD9F400E12677 /* KeyboardManagment.swift */ = {isa = PBXFileReference; lastKnownFileType = sourcecode.swift; path = KeyboardManagment.swift; sourceTree = "<group>"; };
		C0B65E6028FCBCD700EAFB29 /* Politics.swift */ = {isa = PBXFileReference; lastKnownFileType = sourcecode.swift; path = Politics.swift; sourceTree = "<group>"; };
		C0EE1E1E28FA33720069C41A /* HealthReport.swift */ = {isa = PBXFileReference; fileEncoding = 4; lastKnownFileType = sourcecode.swift; path = HealthReport.swift; sourceTree = "<group>"; };
		C0EE1E1F28FA33720069C41A /* User.swift */ = {isa = PBXFileReference; fileEncoding = 4; lastKnownFileType = sourcecode.swift; path = User.swift; sourceTree = "<group>"; };
		C0EE1E2028FA33720069C41A /* Appointment.swift */ = {isa = PBXFileReference; fileEncoding = 4; lastKnownFileType = sourcecode.swift; path = Appointment.swift; sourceTree = "<group>"; };
		C0EE1E2428FA337F0069C41A /* ImageFirebaseViewController.swift */ = {isa = PBXFileReference; fileEncoding = 4; lastKnownFileType = sourcecode.swift; path = ImageFirebaseViewController.swift; sourceTree = "<group>"; };
		C0EE1E2628FA33E40069C41A /* ImageFirebase.swift */ = {isa = PBXFileReference; fileEncoding = 4; lastKnownFileType = sourcecode.swift; path = ImageFirebase.swift; sourceTree = "<group>"; };
		C0EE1E2728FA33E40069C41A /* ImagePicker.swift */ = {isa = PBXFileReference; fileEncoding = 4; lastKnownFileType = sourcecode.swift; path = ImagePicker.swift; sourceTree = "<group>"; };
		C0EE1E2828FA33E40069C41A /* AddAppointment.swift */ = {isa = PBXFileReference; fileEncoding = 4; lastKnownFileType = sourcecode.swift; path = AddAppointment.swift; sourceTree = "<group>"; };
		C204009F28F6070E00E29E08 /* NavBarMenu.swift */ = {isa = PBXFileReference; lastKnownFileType = sourcecode.swift; path = NavBarMenu.swift; sourceTree = "<group>"; };
		C20400A128F6113D00E29E08 /* CreditsView.swift */ = {isa = PBXFileReference; lastKnownFileType = sourcecode.swift; path = CreditsView.swift; sourceTree = "<group>"; };
/* End PBXFileReference section */

/* Begin PBXFrameworksBuildPhase section */
		C065D69528E0D2A900AC046F /* Frameworks */ = {
			isa = PBXFrameworksBuildPhase;
			buildActionMask = 2147483647;
			files = (
				C0EE1E1928FA0B5E0069C41A /* FirebaseFirestoreSwift in Frameworks */,
				C0EE1E1D28FA0B5E0069C41A /* FirebaseStorageCombine-Community in Frameworks */,
				C0EE1E1128FA0B5E0069C41A /* FirebaseAuth in Frameworks */,
				C0EE1E1728FA0B5E0069C41A /* FirebaseFirestoreCombine-Community in Frameworks */,
				C0EE1E1328FA0B5E0069C41A /* FirebaseAuthCombine-Community in Frameworks */,
				C0EE1E1528FA0B5E0069C41A /* FirebaseFirestore in Frameworks */,
				C0EE1E1B28FA0B5E0069C41A /* FirebaseStorage in Frameworks */,
			);
			runOnlyForDeploymentPostprocessing = 0;
		};
/* End PBXFrameworksBuildPhase section */

/* Begin PBXGroup section */
		C00DF2CC28F0862C008C7D45 /* Data Structures */ = {
			isa = PBXGroup;
			children = (
				C0EE1E2028FA33720069C41A /* Appointment.swift */,
				C0EE1E1E28FA33720069C41A /* HealthReport.swift */,
				C0EE1E1F28FA33720069C41A /* User.swift */,
				C00DF2CD28F0862C008C7D45 /* Capture.swift */,
				C00DF2CE28F0862C008C7D45 /* Medic.swift */,
				C00DF2CF28F0862C008C7D45 /* WeekReport.swift */,
				C00DF2D028F0862C008C7D45 /* Medition.swift */,
				C00DF2D128F0862C008C7D45 /* Remind.swift */,
				C00DF2D228F0862C008C7D45 /* Pacient.swift */,
				C00DF2D328F0862C008C7D45 /* Medicament.swift */,
			);
			path = "Data Structures";
			sourceTree = "<group>";
		};
		C00DF2D428F0862C008C7D45 /* ViewControllers */ = {
			isa = PBXGroup;
			children = (
				C0EE1E2428FA337F0069C41A /* ImageFirebaseViewController.swift */,
				C00DF2D628F0862C008C7D45 /* FirebaseViewController.swift */,
			);
			path = ViewControllers;
			sourceTree = "<group>";
		};
		C00DF2D728F0862C008C7D45 /* Views */ = {
			isa = PBXGroup;
			children = (
				C00DF31228F08776008C7D45 /* Home.swift */,
				C00DF31328F08776008C7D45 /* Login.swift */,
				C00DF31428F08776008C7D45 /* SignIn.swift */,
				C00DF2D828F0862C008C7D45 /* SideBarView */,
				C00DF2DC28F0862C008C7D45 /* Elements */,
				C00DF2E128F0862C008C7D45 /* HomeViews */,
			);
			path = Views;
			sourceTree = "<group>";
		};
		C00DF2D828F0862C008C7D45 /* SideBarView */ = {
			isa = PBXGroup;
			children = (
				C00DF2D928F0862C008C7D45 /* SettingsView.swift */,
				C00DF2DA28F0862C008C7D45 /* FrecuentlyAskedQuestions.swift */,
				C20400A128F6113D00E29E08 /* CreditsView.swift */,
				C00DF2DB28F0862C008C7D45 /* GeneralDataView.swift */,
			);
			path = SideBarView;
			sourceTree = "<group>";
		};
		C00DF2DC28F0862C008C7D45 /* Elements */ = {
			isa = PBXGroup;
			children = (
				C0EE1E2828FA33E40069C41A /* AddAppointment.swift */,
				C0EE1E2628FA33E40069C41A /* ImageFirebase.swift */,
				C0EE1E2728FA33E40069C41A /* ImagePicker.swift */,
				C00DF2FC28F086D8008C7D45 /* AddMedicamentView.swift */,
				C00DF2FB28F086D8008C7D45 /* AddMedicView.swift */,
				C00DF2FD28F086D8008C7D45 /* ButtonNavbar.swift */,
				C00DF2FE28F086D8008C7D45 /* MedicamentDetailsView.swift */,
				C00DF2F828F086D8008C7D45 /* MedicamentView.swift */,
				C00DF2FA28F086D8008C7D45 /* MedicView.swift */,
				C204009F28F6070E00E29E08 /* NavBarMenu.swift */,
				C00DF2F928F086D8008C7D45 /* NavBarHome.swift */,
				C00DF2FF28F086D8008C7D45 /* NavbarLogin.swift */,
				C00DF2F628F086CD008C7D45 /* TimerView.swift */,
				C00DF2DD28F0862C008C7D45 /* ReminderDetailsView.swift */,
				C00DF2DE28F0862C008C7D45 /* ReminderView.swift */,
				C0B65E6028FCBCD700EAFB29 /* Politics.swift */,
				C0AA140428FCD9F400E12677 /* KeyboardManagment.swift */,
				C00AD2CF28FD1A2700DEC7B7 /* RestorePasswordView.swift */,
			);
			path = Elements;
			sourceTree = "<group>";
		};
		C00DF2E128F0862C008C7D45 /* HomeViews */ = {
			isa = PBXGroup;
			children = (
				C00DF30828F08731008C7D45 /* CapturesView.swift */,
				C00DF30A28F08731008C7D45 /* HealthStateView.swift */,
				C00DF30C28F08731008C7D45 /* LinkYourMedicView.swift */,
				C00DF30928F08731008C7D45 /* MedicamentsView.swift */,
				C00DF30B28F08731008C7D45 /* WeekReportView.swift */,
				C00DF2E228F0862C008C7D45 /* RemindersView.swift */,
				C00DF2E328F0862C008C7D45 /* AppsView.swift */,
			);
			path = HomeViews;
			sourceTree = "<group>";
		};
		C065D68F28E0D2A900AC046F = {
			isa = PBXGroup;
			children = (
				C065D69A28E0D2A900AC046F /* Agenda Arterial Sin Arterial */,
				C065D69928E0D2A900AC046F /* Products */,
			);
			sourceTree = "<group>";
		};
		C065D69928E0D2A900AC046F /* Products */ = {
			isa = PBXGroup;
			children = (
				C065D69828E0D2A900AC046F /* Agenda Arterial Sin Arterial.app */,
			);
			name = Products;
			sourceTree = "<group>";
		};
		C065D69A28E0D2A900AC046F /* Agenda Arterial Sin Arterial */ = {
			isa = PBXGroup;
			children = (
				C0720F9328FDDB35005AC493 /* GoogleService-Info.plist */,
				C096B6E928FA4E920018AA9A /* Agenda-Arterial-Sin-Arterial-Info.plist */,
				C00DF2CC28F0862C008C7D45 /* Data Structures */,
				C00DF2D428F0862C008C7D45 /* ViewControllers */,
				C00DF2D728F0862C008C7D45 /* Views */,
				C065D69B28E0D2A900AC046F /* Agenda_Arterial_Sin_ArterialApp.swift */,
				C065D69D28E0D2A900AC046F /* ContentView.swift */,
				C065D69F28E0D2A900AC046F /* Assets.xcassets */,
				C065D6A128E0D2A900AC046F /* Preview Content */,
			);
			path = "Agenda Arterial Sin Arterial";
			sourceTree = "<group>";
		};
		C065D6A128E0D2A900AC046F /* Preview Content */ = {
			isa = PBXGroup;
			children = (
				C065D6A228E0D2A900AC046F /* Preview Assets.xcassets */,
			);
			path = "Preview Content";
			sourceTree = "<group>";
		};
/* End PBXGroup section */

/* Begin PBXNativeTarget section */
		C065D69728E0D2A900AC046F /* Agenda Arterial Sin Arterial */ = {
			isa = PBXNativeTarget;
			buildConfigurationList = C065D6A628E0D2A900AC046F /* Build configuration list for PBXNativeTarget "Agenda Arterial Sin Arterial" */;
			buildPhases = (
				C065D69428E0D2A900AC046F /* Sources */,
				C065D69528E0D2A900AC046F /* Frameworks */,
				C065D69628E0D2A900AC046F /* Resources */,
			);
			buildRules = (
			);
			dependencies = (
			);
			name = "Agenda Arterial Sin Arterial";
			packageProductDependencies = (
				C0EE1E1028FA0B5E0069C41A /* FirebaseAuth */,
				C0EE1E1228FA0B5E0069C41A /* FirebaseAuthCombine-Community */,
				C0EE1E1428FA0B5E0069C41A /* FirebaseFirestore */,
				C0EE1E1628FA0B5E0069C41A /* FirebaseFirestoreCombine-Community */,
				C0EE1E1828FA0B5E0069C41A /* FirebaseFirestoreSwift */,
				C0EE1E1A28FA0B5E0069C41A /* FirebaseStorage */,
				C0EE1E1C28FA0B5E0069C41A /* FirebaseStorageCombine-Community */,
			);
			productName = "Agenda Arterial Sin Arterial";
			productReference = C065D69828E0D2A900AC046F /* Agenda Arterial Sin Arterial.app */;
			productType = "com.apple.product-type.application";
		};
/* End PBXNativeTarget section */

/* Begin PBXProject section */
		C065D69028E0D2A900AC046F /* Project object */ = {
			isa = PBXProject;
			attributes = {
				BuildIndependentTargetsInParallel = 1;
				LastSwiftUpdateCheck = 1400;
				LastUpgradeCheck = 1400;
				TargetAttributes = {
					C065D69728E0D2A900AC046F = {
						CreatedOnToolsVersion = 14.0;
					};
				};
			};
			buildConfigurationList = C065D69328E0D2A900AC046F /* Build configuration list for PBXProject "Agenda Arterial Sin Arterial" */;
			compatibilityVersion = "Xcode 14.0";
			developmentRegion = en;
			hasScannedForEncodings = 0;
			knownRegions = (
				en,
				Base,
			);
			mainGroup = C065D68F28E0D2A900AC046F;
			packageReferences = (
				C0EE1E0F28FA0B5E0069C41A /* XCRemoteSwiftPackageReference "firebase-ios-sdk" */,
			);
			productRefGroup = C065D69928E0D2A900AC046F /* Products */;
			projectDirPath = "";
			projectRoot = "";
			targets = (
				C065D69728E0D2A900AC046F /* Agenda Arterial Sin Arterial */,
			);
		};
/* End PBXProject section */

/* Begin PBXResourcesBuildPhase section */
		C065D69628E0D2A900AC046F /* Resources */ = {
			isa = PBXResourcesBuildPhase;
			buildActionMask = 2147483647;
			files = (
				C065D6A328E0D2A900AC046F /* Preview Assets.xcassets in Resources */,
				C065D6A028E0D2A900AC046F /* Assets.xcassets in Resources */,
				C0720F9428FDDB35005AC493 /* GoogleService-Info.plist in Resources */,
			);
			runOnlyForDeploymentPostprocessing = 0;
		};
/* End PBXResourcesBuildPhase section */

/* Begin PBXSourcesBuildPhase section */
		C065D69428E0D2A900AC046F /* Sources */ = {
			isa = PBXSourcesBuildPhase;
			buildActionMask = 2147483647;
			files = (
				C0EE1E2328FA33720069C41A /* Appointment.swift in Sources */,
				C00DF30728F086D8008C7D45 /* NavbarLogin.swift in Sources */,
				C00DF31628F08776008C7D45 /* Login.swift in Sources */,
				C0EE1E2A28FA33E40069C41A /* ImagePicker.swift in Sources */,
				C00DF2F728F086CD008C7D45 /* TimerView.swift in Sources */,
				C00DF2EC28F0862C008C7D45 /* FirebaseViewController.swift in Sources */,
				C0EE1E2528FA337F0069C41A /* ImageFirebaseViewController.swift in Sources */,
				C0EE1E2128FA33720069C41A /* HealthReport.swift in Sources */,
				C00DF2E628F0862C008C7D45 /* WeekReport.swift in Sources */,
				C00DF30F28F08731008C7D45 /* HealthStateView.swift in Sources */,
				C0AA140528FCD9F400E12677 /* KeyboardManagment.swift in Sources */,
				C00DF30128F086D8008C7D45 /* NavBarHome.swift in Sources */,
				C00DF2E528F0862C008C7D45 /* Medic.swift in Sources */,
				C00DF30328F086D8008C7D45 /* AddMedicView.swift in Sources */,
				C00DF30028F086D8008C7D45 /* MedicamentView.swift in Sources */,
				C0EE1E2B28FA33E40069C41A /* AddAppointment.swift in Sources */,
				C00DF31028F08731008C7D45 /* WeekReportView.swift in Sources */,
				C00DF2E428F0862C008C7D45 /* Capture.swift in Sources */,
				C00DF2E828F0862C008C7D45 /* Remind.swift in Sources */,
				C00DF31128F08731008C7D45 /* LinkYourMedicView.swift in Sources */,
				C00DF2E928F0862C008C7D45 /* Pacient.swift in Sources */,
				C00DF30E28F08731008C7D45 /* MedicamentsView.swift in Sources */,
				C00DF30428F086D8008C7D45 /* AddMedicamentView.swift in Sources */,
				C0EE1E2228FA33720069C41A /* User.swift in Sources */,
				C00DF2F428F0862C008C7D45 /* RemindersView.swift in Sources */,
				C00DF2F528F0862C008C7D45 /* AppsView.swift in Sources */,
				C00DF30628F086D8008C7D45 /* MedicamentDetailsView.swift in Sources */,
				C065D69E28E0D2A900AC046F /* ContentView.swift in Sources */,
				C00DF2EA28F0862C008C7D45 /* Medicament.swift in Sources */,
				C0B65E6128FCBCD700EAFB29 /* Politics.swift in Sources */,
				C00DF30228F086D8008C7D45 /* MedicView.swift in Sources */,
				C00DF30D28F08731008C7D45 /* CapturesView.swift in Sources */,
				C00DF2ED28F0862C008C7D45 /* SettingsView.swift in Sources */,
				C00DF31528F08776008C7D45 /* Home.swift in Sources */,
				C20400A028F6070F00E29E08 /* NavBarMenu.swift in Sources */,
				C00DF2F028F0862C008C7D45 /* ReminderDetailsView.swift in Sources */,
				C00DF2E728F0862C008C7D45 /* Medition.swift in Sources */,
				C0EE1E2928FA33E40069C41A /* ImageFirebase.swift in Sources */,
				C065D69C28E0D2A900AC046F /* Agenda_Arterial_Sin_ArterialApp.swift in Sources */,
				C00DF2EE28F0862C008C7D45 /* FrecuentlyAskedQuestions.swift in Sources */,
				C00DF2F128F0862C008C7D45 /* ReminderView.swift in Sources */,
				C00DF31728F08776008C7D45 /* SignIn.swift in Sources */,
				C00AD2D028FD1A2700DEC7B7 /* RestorePasswordView.swift in Sources */,
				C20400A228F6113D00E29E08 /* CreditsView.swift in Sources */,
				C00DF2EF28F0862C008C7D45 /* GeneralDataView.swift in Sources */,
				C00DF30528F086D8008C7D45 /* ButtonNavbar.swift in Sources */,
			);
			runOnlyForDeploymentPostprocessing = 0;
		};
/* End PBXSourcesBuildPhase section */

/* Begin XCBuildConfiguration section */
		C065D6A428E0D2A900AC046F /* Debug */ = {
			isa = XCBuildConfiguration;
			buildSettings = {
				ALWAYS_SEARCH_USER_PATHS = NO;
				CLANG_ANALYZER_NONNULL = YES;
				CLANG_ANALYZER_NUMBER_OBJECT_CONVERSION = YES_AGGRESSIVE;
				CLANG_CXX_LANGUAGE_STANDARD = "gnu++20";
				CLANG_ENABLE_MODULES = YES;
				CLANG_ENABLE_OBJC_ARC = YES;
				CLANG_ENABLE_OBJC_WEAK = YES;
				CLANG_WARN_BLOCK_CAPTURE_AUTORELEASING = YES;
				CLANG_WARN_BOOL_CONVERSION = YES;
				CLANG_WARN_COMMA = YES;
				CLANG_WARN_CONSTANT_CONVERSION = YES;
				CLANG_WARN_DEPRECATED_OBJC_IMPLEMENTATIONS = YES;
				CLANG_WARN_DIRECT_OBJC_ISA_USAGE = YES_ERROR;
				CLANG_WARN_DOCUMENTATION_COMMENTS = YES;
				CLANG_WARN_EMPTY_BODY = YES;
				CLANG_WARN_ENUM_CONVERSION = YES;
				CLANG_WARN_INFINITE_RECURSION = YES;
				CLANG_WARN_INT_CONVERSION = YES;
				CLANG_WARN_NON_LITERAL_NULL_CONVERSION = YES;
				CLANG_WARN_OBJC_IMPLICIT_RETAIN_SELF = YES;
				CLANG_WARN_OBJC_LITERAL_CONVERSION = YES;
				CLANG_WARN_OBJC_ROOT_CLASS = YES_ERROR;
				CLANG_WARN_QUOTED_INCLUDE_IN_FRAMEWORK_HEADER = YES;
				CLANG_WARN_RANGE_LOOP_ANALYSIS = YES;
				CLANG_WARN_STRICT_PROTOTYPES = YES;
				CLANG_WARN_SUSPICIOUS_MOVE = YES;
				CLANG_WARN_UNGUARDED_AVAILABILITY = YES_AGGRESSIVE;
				CLANG_WARN_UNREACHABLE_CODE = YES;
				CLANG_WARN__DUPLICATE_METHOD_MATCH = YES;
				COPY_PHASE_STRIP = NO;
				DEBUG_INFORMATION_FORMAT = dwarf;
				ENABLE_STRICT_OBJC_MSGSEND = YES;
				ENABLE_TESTABILITY = YES;
				GCC_C_LANGUAGE_STANDARD = gnu11;
				GCC_DYNAMIC_NO_PIC = NO;
				GCC_NO_COMMON_BLOCKS = YES;
				GCC_OPTIMIZATION_LEVEL = 0;
				GCC_PREPROCESSOR_DEFINITIONS = (
					"DEBUG=1",
					"$(inherited)",
				);
				GCC_WARN_64_TO_32_BIT_CONVERSION = YES;
				GCC_WARN_ABOUT_RETURN_TYPE = YES_ERROR;
				GCC_WARN_UNDECLARED_SELECTOR = YES;
				GCC_WARN_UNINITIALIZED_AUTOS = YES_AGGRESSIVE;
				GCC_WARN_UNUSED_FUNCTION = YES;
				GCC_WARN_UNUSED_VARIABLE = YES;
				IPHONEOS_DEPLOYMENT_TARGET = 16.0;
				MTL_ENABLE_DEBUG_INFO = INCLUDE_SOURCE;
				MTL_FAST_MATH = YES;
				ONLY_ACTIVE_ARCH = YES;
				SDKROOT = iphoneos;
				SWIFT_ACTIVE_COMPILATION_CONDITIONS = DEBUG;
				SWIFT_OPTIMIZATION_LEVEL = "-Onone";
			};
			name = Debug;
		};
		C065D6A528E0D2A900AC046F /* Release */ = {
			isa = XCBuildConfiguration;
			buildSettings = {
				ALWAYS_SEARCH_USER_PATHS = NO;
				CLANG_ANALYZER_NONNULL = YES;
				CLANG_ANALYZER_NUMBER_OBJECT_CONVERSION = YES_AGGRESSIVE;
				CLANG_CXX_LANGUAGE_STANDARD = "gnu++20";
				CLANG_ENABLE_MODULES = YES;
				CLANG_ENABLE_OBJC_ARC = YES;
				CLANG_ENABLE_OBJC_WEAK = YES;
				CLANG_WARN_BLOCK_CAPTURE_AUTORELEASING = YES;
				CLANG_WARN_BOOL_CONVERSION = YES;
				CLANG_WARN_COMMA = YES;
				CLANG_WARN_CONSTANT_CONVERSION = YES;
				CLANG_WARN_DEPRECATED_OBJC_IMPLEMENTATIONS = YES;
				CLANG_WARN_DIRECT_OBJC_ISA_USAGE = YES_ERROR;
				CLANG_WARN_DOCUMENTATION_COMMENTS = YES;
				CLANG_WARN_EMPTY_BODY = YES;
				CLANG_WARN_ENUM_CONVERSION = YES;
				CLANG_WARN_INFINITE_RECURSION = YES;
				CLANG_WARN_INT_CONVERSION = YES;
				CLANG_WARN_NON_LITERAL_NULL_CONVERSION = YES;
				CLANG_WARN_OBJC_IMPLICIT_RETAIN_SELF = YES;
				CLANG_WARN_OBJC_LITERAL_CONVERSION = YES;
				CLANG_WARN_OBJC_ROOT_CLASS = YES_ERROR;
				CLANG_WARN_QUOTED_INCLUDE_IN_FRAMEWORK_HEADER = YES;
				CLANG_WARN_RANGE_LOOP_ANALYSIS = YES;
				CLANG_WARN_STRICT_PROTOTYPES = YES;
				CLANG_WARN_SUSPICIOUS_MOVE = YES;
				CLANG_WARN_UNGUARDED_AVAILABILITY = YES_AGGRESSIVE;
				CLANG_WARN_UNREACHABLE_CODE = YES;
				CLANG_WARN__DUPLICATE_METHOD_MATCH = YES;
				COPY_PHASE_STRIP = NO;
				DEBUG_INFORMATION_FORMAT = "dwarf-with-dsym";
				ENABLE_NS_ASSERTIONS = NO;
				ENABLE_STRICT_OBJC_MSGSEND = YES;
				GCC_C_LANGUAGE_STANDARD = gnu11;
				GCC_NO_COMMON_BLOCKS = YES;
				GCC_WARN_64_TO_32_BIT_CONVERSION = YES;
				GCC_WARN_ABOUT_RETURN_TYPE = YES_ERROR;
				GCC_WARN_UNDECLARED_SELECTOR = YES;
				GCC_WARN_UNINITIALIZED_AUTOS = YES_AGGRESSIVE;
				GCC_WARN_UNUSED_FUNCTION = YES;
				GCC_WARN_UNUSED_VARIABLE = YES;
				IPHONEOS_DEPLOYMENT_TARGET = 16.0;
				MTL_ENABLE_DEBUG_INFO = NO;
				MTL_FAST_MATH = YES;
				SDKROOT = iphoneos;
				SWIFT_COMPILATION_MODE = wholemodule;
				SWIFT_OPTIMIZATION_LEVEL = "-O";
				VALIDATE_PRODUCT = YES;
			};
			name = Release;
		};
		C065D6A728E0D2A900AC046F /* Debug */ = {
			isa = XCBuildConfiguration;
			buildSettings = {
				ASSETCATALOG_COMPILER_APPICON_NAME = AppIcon;
				ASSETCATALOG_COMPILER_GLOBAL_ACCENT_COLOR_NAME = AccentColor;
				CODE_SIGN_STYLE = Automatic;
				CURRENT_PROJECT_VERSION = 1;
				DEVELOPMENT_ASSET_PATHS = "\"Agenda Arterial Sin Arterial/Preview Content\"";
				DEVELOPMENT_TEAM = 8D757858GR;
				ENABLE_PREVIEWS = YES;
				GENERATE_INFOPLIST_FILE = YES;
				INFOPLIST_FILE = "Agenda-Arterial-Sin-Arterial-Info.plist";
				INFOPLIST_KEY_NSCameraUsageDescription = "Para subir Foto de Perfil";
				INFOPLIST_KEY_UIApplicationSceneManifest_Generation = YES;
				INFOPLIST_KEY_UIApplicationSupportsIndirectInputEvents = YES;
				INFOPLIST_KEY_UILaunchScreen_Generation = YES;
				INFOPLIST_KEY_UISupportedInterfaceOrientations = UIInterfaceOrientationPortrait;
				INFOPLIST_KEY_UISupportedInterfaceOrientations_iPad = "UIInterfaceOrientationLandscapeLeft UIInterfaceOrientationLandscapeRight UIInterfaceOrientationPortrait UIInterfaceOrientationPortraitUpsideDown";
				INFOPLIST_KEY_UIUserInterfaceStyle = Light;
				IPHONEOS_DEPLOYMENT_TARGET = 15.5;
				LD_RUNPATH_SEARCH_PATHS = (
					"$(inherited)",
					"@executable_path/Frameworks",
				);
				MARKETING_VERSION = 3.0;
				PRODUCT_BUNDLE_IDENTIFIER = "Soi.com.Agenda-Arterial-V2-0";
				PRODUCT_NAME = "$(TARGET_NAME)";
				SUPPORTED_PLATFORMS = "iphoneos iphonesimulator";
				SUPPORTS_MACCATALYST = NO;
				SUPPORTS_MAC_DESIGNED_FOR_IPHONE_IPAD = NO;
				SWIFT_EMIT_LOC_STRINGS = YES;
				SWIFT_VERSION = 5.0;
				TARGETED_DEVICE_FAMILY = 1;
			};
			name = Debug;
		};
		C065D6A828E0D2A900AC046F /* Release */ = {
			isa = XCBuildConfiguration;
			buildSettings = {
				ASSETCATALOG_COMPILER_APPICON_NAME = AppIcon;
				ASSETCATALOG_COMPILER_GLOBAL_ACCENT_COLOR_NAME = AccentColor;
				CODE_SIGN_STYLE = Automatic;
				CURRENT_PROJECT_VERSION = 1;
				DEVELOPMENT_ASSET_PATHS = "\"Agenda Arterial Sin Arterial/Preview Content\"";
				DEVELOPMENT_TEAM = 8D757858GR;
				ENABLE_PREVIEWS = YES;
				GENERATE_INFOPLIST_FILE = YES;
				INFOPLIST_FILE = "Agenda-Arterial-Sin-Arterial-Info.plist";
				INFOPLIST_KEY_NSCameraUsageDescription = "Para subir Foto de Perfil";
				INFOPLIST_KEY_UIApplicationSceneManifest_Generation = YES;
				INFOPLIST_KEY_UIApplicationSupportsIndirectInputEvents = YES;
				INFOPLIST_KEY_UILaunchScreen_Generation = YES;
				INFOPLIST_KEY_UISupportedInterfaceOrientations = UIInterfaceOrientationPortrait;
				INFOPLIST_KEY_UISupportedInterfaceOrientations_iPad = "UIInterfaceOrientationLandscapeLeft UIInterfaceOrientationLandscapeRight UIInterfaceOrientationPortrait UIInterfaceOrientationPortraitUpsideDown";
				INFOPLIST_KEY_UIUserInterfaceStyle = Light;
				IPHONEOS_DEPLOYMENT_TARGET = 15.5;
				LD_RUNPATH_SEARCH_PATHS = (
					"$(inherited)",
					"@executable_path/Frameworks",
				);
				MARKETING_VERSION = 3.0;
				PRODUCT_BUNDLE_IDENTIFIER = "Soi.com.Agenda-Arterial-V2-0";
				PRODUCT_NAME = "$(TARGET_NAME)";
				SUPPORTED_PLATFORMS = "iphoneos iphonesimulator";
				SUPPORTS_MACCATALYST = NO;
				SUPPORTS_MAC_DESIGNED_FOR_IPHONE_IPAD = NO;
				SWIFT_EMIT_LOC_STRINGS = YES;
				SWIFT_VERSION = 5.0;
				TARGETED_DEVICE_FAMILY = 1;
			};
			name = Release;
		};
/* End XCBuildConfiguration section */

/* Begin XCConfigurationList section */
		C065D69328E0D2A900AC046F /* Build configuration list for PBXProject "Agenda Arterial Sin Arterial" */ = {
			isa = XCConfigurationList;
			buildConfigurations = (
				C065D6A428E0D2A900AC046F /* Debug */,
				C065D6A528E0D2A900AC046F /* Release */,
			);
			defaultConfigurationIsVisible = 0;
			defaultConfigurationName = Release;
		};
		C065D6A628E0D2A900AC046F /* Build configuration list for PBXNativeTarget "Agenda Arterial Sin Arterial" */ = {
			isa = XCConfigurationList;
			buildConfigurations = (
				C065D6A728E0D2A900AC046F /* Debug */,
				C065D6A828E0D2A900AC046F /* Release */,
			);
			defaultConfigurationIsVisible = 0;
			defaultConfigurationName = Release;
		};
/* End XCConfigurationList section */

/* Begin XCRemoteSwiftPackageReference section */
		C0EE1E0F28FA0B5E0069C41A /* XCRemoteSwiftPackageReference "firebase-ios-sdk" */ = {
			isa = XCRemoteSwiftPackageReference;
			repositoryURL = "https://github.com/firebase/firebase-ios-sdk";
			requirement = {
				kind = upToNextMajorVersion;
				minimumVersion = 9.0.0;
			};
		};
/* End XCRemoteSwiftPackageReference section */

/* Begin XCSwiftPackageProductDependency section */
		C0EE1E1028FA0B5E0069C41A /* FirebaseAuth */ = {
			isa = XCSwiftPackageProductDependency;
			package = C0EE1E0F28FA0B5E0069C41A /* XCRemoteSwiftPackageReference "firebase-ios-sdk" */;
			productName = FirebaseAuth;
		};
		C0EE1E1228FA0B5E0069C41A /* FirebaseAuthCombine-Community */ = {
			isa = XCSwiftPackageProductDependency;
			package = C0EE1E0F28FA0B5E0069C41A /* XCRemoteSwiftPackageReference "firebase-ios-sdk" */;
			productName = "FirebaseAuthCombine-Community";
		};
		C0EE1E1428FA0B5E0069C41A /* FirebaseFirestore */ = {
			isa = XCSwiftPackageProductDependency;
			package = C0EE1E0F28FA0B5E0069C41A /* XCRemoteSwiftPackageReference "firebase-ios-sdk" */;
			productName = FirebaseFirestore;
		};
		C0EE1E1628FA0B5E0069C41A /* FirebaseFirestoreCombine-Community */ = {
			isa = XCSwiftPackageProductDependency;
			package = C0EE1E0F28FA0B5E0069C41A /* XCRemoteSwiftPackageReference "firebase-ios-sdk" */;
			productName = "FirebaseFirestoreCombine-Community";
		};
		C0EE1E1828FA0B5E0069C41A /* FirebaseFirestoreSwift */ = {
			isa = XCSwiftPackageProductDependency;
			package = C0EE1E0F28FA0B5E0069C41A /* XCRemoteSwiftPackageReference "firebase-ios-sdk" */;
			productName = FirebaseFirestoreSwift;
		};
		C0EE1E1A28FA0B5E0069C41A /* FirebaseStorage */ = {
			isa = XCSwiftPackageProductDependency;
			package = C0EE1E0F28FA0B5E0069C41A /* XCRemoteSwiftPackageReference "firebase-ios-sdk" */;
			productName = FirebaseStorage;
		};
		C0EE1E1C28FA0B5E0069C41A /* FirebaseStorageCombine-Community */ = {
			isa = XCSwiftPackageProductDependency;
			package = C0EE1E0F28FA0B5E0069C41A /* XCRemoteSwiftPackageReference "firebase-ios-sdk" */;
			productName = "FirebaseStorageCombine-Community";
		};
/* End XCSwiftPackageProductDependency section */
	};
	rootObject = C065D69028E0D2A900AC046F /* Project object */;
}
